
Microsoft Visual Studio Solution File, Format Version 12.00
# Visual Studio Version 17
VisualStudioVersion = 17.4.33205.214
MinimumVisualStudioVersion = 10.0.40219.1
Project("{FAE04EC0-301F-11D3-BF4B-00C04F79EFBC}") = "AoC Day 21", "AoC Day 21.csproj", "{E4F1BF74-A928-4818-9989-6A3173EC1DFF}"
EndProject
Global
	GlobalSection(SolutionConfigurationPlatforms) = preSolution
		Debug|Any CPU = Debug|Any CPU
		Release|Any CPU = Release|Any CPU
	EndGlobalSection
	GlobalSection(ProjectConfigurationPlatforms) = postSolution
		{E4F1BF74-A928-4818-9989-6A3173EC1DFF}.Debug|Any CPU.ActiveCfg = Debug|Any CPU
		{E4F1BF74-A928-4818-9989-6A3173EC1DFF}.Debug|Any CPU.Build.0 = Debug|Any CPU
		{E4F1BF74-A928-4818-9989-6A3173EC1DFF}.Release|Any CPU.ActiveCfg = Release|Any CPU
		{E4F1BF74-A928-4818-9989-6A3173EC1DFF}.Release|Any CPU.Build.0 = Release|Any CPU
	EndGlobalSection
	GlobalSection(SolutionProperties) = preSolution
		HideSolutionNode = FALSE
	EndGlobalSection
	GlobalSection(ExtensibilityGlobals) = postSolution
		SolutionGuid = {F2EECD57-FBDD-42B7-AACA-9BC3584515DE}
	EndGlobalSection
EndGlobal
