
Microsoft Visual Studio Solution File, Format Version 12.00
# Visual Studio Version 17
VisualStudioVersion = 17.4.33122.133
MinimumVisualStudioVersion = 10.0.40219.1
Project("{FAE04EC0-301F-11D3-BF4B-00C04F79EFBC}") = "AoC Day 13", "AoC Day 13.csproj", "{59E6AB4F-DF82-4B97-A405-76D9DEBD6A24}"
EndProject
Global
	GlobalSection(SolutionConfigurationPlatforms) = preSolution
		Debug|Any CPU = Debug|Any CPU
		Release|Any CPU = Release|Any CPU
	EndGlobalSection
	GlobalSection(ProjectConfigurationPlatforms) = postSolution
		{59E6AB4F-DF82-4B97-A405-76D9DEBD6A24}.Debug|Any CPU.ActiveCfg = Debug|Any CPU
		{59E6AB4F-DF82-4B97-A405-76D9DEBD6A24}.Debug|Any CPU.Build.0 = Debug|Any CPU
		{59E6AB4F-DF82-4B97-A405-76D9DEBD6A24}.Release|Any CPU.ActiveCfg = Release|Any CPU
		{59E6AB4F-DF82-4B97-A405-76D9DEBD6A24}.Release|Any CPU.Build.0 = Release|Any CPU
	EndGlobalSection
	GlobalSection(SolutionProperties) = preSolution
		HideSolutionNode = FALSE
	EndGlobalSection
	GlobalSection(ExtensibilityGlobals) = postSolution
		SolutionGuid = {7610D9A4-6A4B-4262-A036-F10EB2BE6A69}
	EndGlobalSection
EndGlobal
